
Microsoft Visual Studio Solution File, Format Version 12.00
# Visual Studio Version 16
VisualStudioVersion = 16.0.29519.87
MinimumVisualStudioVersion = 10.0.40219.1
Project("{FAE04EC0-301F-11D3-BF4B-00C04F79EFBC}") = "GDocParser", "GDocParser\GDocParser.csproj", "{2ABAD3D7-F51F-4320-9926-47A4FC19BEDE}"
EndProject
Global
	GlobalSection(SolutionConfigurationPlatforms) = preSolution
		Debug|Any CPU = Debug|Any CPU
		Release|Any CPU = Release|Any CPU
	EndGlobalSection
	GlobalSection(ProjectConfigurationPlatforms) = postSolution
		{2ABAD3D7-F51F-4320-9926-47A4FC19BEDE}.Debug|Any CPU.ActiveCfg = Debug|Any CPU
		{2ABAD3D7-F51F-4320-9926-47A4FC19BEDE}.Debug|Any CPU.Build.0 = Debug|Any CPU
		{2ABAD3D7-F51F-4320-9926-47A4FC19BEDE}.Release|Any CPU.ActiveCfg = Release|Any CPU
		{2ABAD3D7-F51F-4320-9926-47A4FC19BEDE}.Release|Any CPU.Build.0 = Release|Any CPU
	EndGlobalSection
	GlobalSection(SolutionProperties) = preSolution
		HideSolutionNode = FALSE
	EndGlobalSection
	GlobalSection(ExtensibilityGlobals) = postSolution
		SolutionGuid = {DDA9296C-120E-42D2-B4CD-FDF8296AA195}
	EndGlobalSection
EndGlobal
